
Microsoft Visual Studio Solution File, Format Version 12.00
# Visual Studio 15
Project("{FAE04EC0-301F-11D3-BF4B-00C04F79EFBC}") = "Assembly-CSharp", "Assembly-CSharp.csproj", "{D7BB322D-AFF5-832D-824C-A5C267FAAEC0}"
EndProject
Project("{FAE04EC0-301F-11D3-BF4B-00C04F79EFBC}") = "Assembly-CSharp-Editor", "Assembly-CSharp-Editor.csproj", "{CF7700AD-8E38-88B0-F0C4-8ACEE313957F}"
EndProject
Global
	GlobalSection(SolutionConfigurationPlatforms) = preSolution
		Debug|Any CPU = Debug|Any CPU
		Release|Any CPU = Release|Any CPU
	EndGlobalSection
	GlobalSection(ProjectConfigurationPlatforms) = postSolution
		{D7BB322D-AFF5-832D-824C-A5C267FAAEC0}.Debug|Any CPU.ActiveCfg = Debug|Any CPU
		{D7BB322D-AFF5-832D-824C-A5C267FAAEC0}.Debug|Any CPU.Build.0 = Debug|Any CPU
		{D7BB322D-AFF5-832D-824C-A5C267FAAEC0}.Release|Any CPU.ActiveCfg = Release|Any CPU
		{D7BB322D-AFF5-832D-824C-A5C267FAAEC0}.Release|Any CPU.Build.0 = Release|Any CPU
		{CF7700AD-8E38-88B0-F0C4-8ACEE313957F}.Debug|Any CPU.ActiveCfg = Debug|Any CPU
		{CF7700AD-8E38-88B0-F0C4-8ACEE313957F}.Debug|Any CPU.Build.0 = Debug|Any CPU
		{CF7700AD-8E38-88B0-F0C4-8ACEE313957F}.Release|Any CPU.ActiveCfg = Release|Any CPU
		{CF7700AD-8E38-88B0-F0C4-8ACEE313957F}.Release|Any CPU.Build.0 = Release|Any CPU
	EndGlobalSection
	GlobalSection(SolutionProperties) = preSolution
		HideSolutionNode = FALSE
	EndGlobalSection
EndGlobal
